// !$*UTF8*$!
{
	archiveVersion = 1;
	classes = {
	};
	objectVersion = 50;
	objects = {

/* Begin PBXBuildFile section */
		04F0ABE52650CBBB00B73C5A /* AppDelegate.swift in Sources */ = {isa = PBXBuildFile; fileRef = 04F0ABE42650CBBB00B73C5A /* AppDelegate.swift */; };
		04F0ABE72650CBBB00B73C5A /* SceneDelegate.swift in Sources */ = {isa = PBXBuildFile; fileRef = 04F0ABE62650CBBB00B73C5A /* SceneDelegate.swift */; };
		04F0ABE92650CBBB00B73C5A /* ContentView.swift in Sources */ = {isa = PBXBuildFile; fileRef = 04F0ABE82650CBBB00B73C5A /* ContentView.swift */; };
		04F0ABEB2650CBBC00B73C5A /* Assets.xcassets in Resources */ = {isa = PBXBuildFile; fileRef = 04F0ABEA2650CBBC00B73C5A /* Assets.xcassets */; };
		04F0ABEE2650CBBC00B73C5A /* Preview Assets.xcassets in Resources */ = {isa = PBXBuildFile; fileRef = 04F0ABED2650CBBC00B73C5A /* Preview Assets.xcassets */; };
		04F0ABF12650CBBC00B73C5A /* LaunchScreen.storyboard in Resources */ = {isa = PBXBuildFile; fileRef = 04F0ABEF2650CBBC00B73C5A /* LaunchScreen.storyboard */; };
		04F0ABFB2650CC3E00B73C5A /* Coffee.swift in Sources */ = {isa = PBXBuildFile; fileRef = 04F0ABFA2650CC3E00B73C5A /* Coffee.swift */; };
		04F0ABFF2650CE6400B73C5A /* Order.swift in Sources */ = {isa = PBXBuildFile; fileRef = 04F0ABFE2650CE6400B73C5A /* Order.swift */; };
		04F0AC032650CFD200B73C5A /* Webservice.swift in Sources */ = {isa = PBXBuildFile; fileRef = 04F0AC022650CFD200B73C5A /* Webservice.swift */; };
		04F0AC0B2650DD0500B73C5A /* OrderlistViewModel.swift in Sources */ = {isa = PBXBuildFile; fileRef = 04F0AC0A2650DD0500B73C5A /* OrderlistViewModel.swift */; };
		04F0AC0F2650FC6B00B73C5A /* OrderListView.swift in Sources */ = {isa = PBXBuildFile; fileRef = 04F0AC0E2650FC6B00B73C5A /* OrderListView.swift */; };
		04F0AC1426516B1500B73C5A /* CreateOrderResponse.swift in Sources */ = {isa = PBXBuildFile; fileRef = 04F0AC1326516B1500B73C5A /* CreateOrderResponse.swift */; };
		04F0AC1726516F1E00B73C5A /* AddCoffeeViewModel.swift in Sources */ = {isa = PBXBuildFile; fileRef = 04F0AC1626516F1E00B73C5A /* AddCoffeeViewModel.swift */; };
		04F0AC1E265173A700B73C5A /* CoffeeListViewModel.swift in Sources */ = {isa = PBXBuildFile; fileRef = 04F0AC1D265173A700B73C5A /* CoffeeListViewModel.swift */; };
/* End PBXBuildFile section */

/* Begin PBXFileReference section */
		04F0ABE12650CBBB00B73C5A /* CoffeeOrderingApp.app */ = {isa = PBXFileReference; explicitFileType = wrapper.application; includeInIndex = 0; path = CoffeeOrderingApp.app; sourceTree = BUILT_PRODUCTS_DIR; };
		04F0ABE42650CBBB00B73C5A /* AppDelegate.swift */ = {isa = PBXFileReference; lastKnownFileType = sourcecode.swift; path = AppDelegate.swift; sourceTree = "<group>"; };
		04F0ABE62650CBBB00B73C5A /* SceneDelegate.swift */ = {isa = PBXFileReference; lastKnownFileType = sourcecode.swift; path = SceneDelegate.swift; sourceTree = "<group>"; };
		04F0ABE82650CBBB00B73C5A /* ContentView.swift */ = {isa = PBXFileReference; lastKnownFileType = sourcecode.swift; path = ContentView.swift; sourceTree = "<group>"; };
		04F0ABEA2650CBBC00B73C5A /* Assets.xcassets */ = {isa = PBXFileReference; lastKnownFileType = folder.assetcatalog; path = Assets.xcassets; sourceTree = "<group>"; };
		04F0ABED2650CBBC00B73C5A /* Preview Assets.xcassets */ = {isa = PBXFileReference; lastKnownFileType = folder.assetcatalog; path = "Preview Assets.xcassets"; sourceTree = "<group>"; };
		04F0ABF02650CBBC00B73C5A /* Base */ = {isa = PBXFileReference; lastKnownFileType = file.storyboard; name = Base; path = Base.lproj/LaunchScreen.storyboard; sourceTree = "<group>"; };
		04F0ABF22650CBBC00B73C5A /* Info.plist */ = {isa = PBXFileReference; lastKnownFileType = text.plist.xml; path = Info.plist; sourceTree = "<group>"; };
		04F0ABFA2650CC3E00B73C5A /* Coffee.swift */ = {isa = PBXFileReference; lastKnownFileType = sourcecode.swift; path = Coffee.swift; sourceTree = "<group>"; };
		04F0ABFE2650CE6400B73C5A /* Order.swift */ = {isa = PBXFileReference; lastKnownFileType = sourcecode.swift; path = Order.swift; sourceTree = "<group>"; };
		04F0AC022650CFD200B73C5A /* Webservice.swift */ = {isa = PBXFileReference; lastKnownFileType = sourcecode.swift; path = Webservice.swift; sourceTree = "<group>"; };
		04F0AC0A2650DD0500B73C5A /* OrderlistViewModel.swift */ = {isa = PBXFileReference; lastKnownFileType = sourcecode.swift; path = OrderlistViewModel.swift; sourceTree = "<group>"; };
		04F0AC0E2650FC6B00B73C5A /* OrderListView.swift */ = {isa = PBXFileReference; lastKnownFileType = sourcecode.swift; path = OrderListView.swift; sourceTree = "<group>"; };
		04F0AC1326516B1500B73C5A /* CreateOrderResponse.swift */ = {isa = PBXFileReference; lastKnownFileType = sourcecode.swift; path = CreateOrderResponse.swift; sourceTree = "<group>"; };
		04F0AC1626516F1E00B73C5A /* AddCoffeeViewModel.swift */ = {isa = PBXFileReference; lastKnownFileType = sourcecode.swift; path = AddCoffeeViewModel.swift; sourceTree = "<group>"; };
		04F0AC1D265173A700B73C5A /* CoffeeListViewModel.swift */ = {isa = PBXFileReference; lastKnownFileType = sourcecode.swift; path = CoffeeListViewModel.swift; sourceTree = "<group>"; };
/* End PBXFileReference section */

/* Begin PBXFrameworksBuildPhase section */
		04F0ABDE2650CBBB00B73C5A /* Frameworks */ = {
			isa = PBXFrameworksBuildPhase;
			buildActionMask = 2147483647;
			files = (
			);
			runOnlyForDeploymentPostprocessing = 0;
		};
/* End PBXFrameworksBuildPhase section */

/* Begin PBXGroup section */
		04F0ABD82650CBBB00B73C5A = {
			isa = PBXGroup;
			children = (
				04F0ABE32650CBBB00B73C5A /* CoffeeOrderingApp */,
				04F0ABE22650CBBB00B73C5A /* Products */,
			);
			sourceTree = "<group>";
		};
		04F0ABE22650CBBB00B73C5A /* Products */ = {
			isa = PBXGroup;
			children = (
				04F0ABE12650CBBB00B73C5A /* CoffeeOrderingApp.app */,
			);
			name = Products;
			sourceTree = "<group>";
		};
		04F0ABE32650CBBB00B73C5A /* CoffeeOrderingApp */ = {
			isa = PBXGroup;
			children = (
				04F0AC0D2650FA4E00B73C5A /* View */,
				04F0AC052650DCBE00B73C5A /* Viewmodel */,
				04F0AC012650CFBB00B73C5A /* services */,
				04F0ABF92650CC2800B73C5A /* model */,
				04F0ABE42650CBBB00B73C5A /* AppDelegate.swift */,
				04F0ABE62650CBBB00B73C5A /* SceneDelegate.swift */,
				04F0ABEA2650CBBC00B73C5A /* Assets.xcassets */,
				04F0ABEF2650CBBC00B73C5A /* LaunchScreen.storyboard */,
				04F0ABF22650CBBC00B73C5A /* Info.plist */,
				04F0ABEC2650CBBC00B73C5A /* Preview Content */,
			);
			path = CoffeeOrderingApp;
			sourceTree = "<group>";
		};
		04F0ABEC2650CBBC00B73C5A /* Preview Content */ = {
			isa = PBXGroup;
			children = (
				04F0ABED2650CBBC00B73C5A /* Preview Assets.xcassets */,
			);
			path = "Preview Content";
			sourceTree = "<group>";
		};
		04F0ABF92650CC2800B73C5A /* model */ = {
			isa = PBXGroup;
			children = (
				04F0ABFA2650CC3E00B73C5A /* Coffee.swift */,
				04F0ABFE2650CE6400B73C5A /* Order.swift */,
				04F0AC1326516B1500B73C5A /* CreateOrderResponse.swift */,
			);
			path = model;
			sourceTree = "<group>";
		};
		04F0AC012650CFBB00B73C5A /* services */ = {
			isa = PBXGroup;
			children = (
				04F0AC022650CFD200B73C5A /* Webservice.swift */,
			);
			path = services;
			sourceTree = "<group>";
		};
		04F0AC052650DCBE00B73C5A /* Viewmodel */ = {
			isa = PBXGroup;
			children = (
				04F0AC0A2650DD0500B73C5A /* OrderlistViewModel.swift */,
				04F0AC1626516F1E00B73C5A /* AddCoffeeViewModel.swift */,
				04F0AC1D265173A700B73C5A /* CoffeeListViewModel.swift */,
			);
			path = Viewmodel;
			sourceTree = "<group>";
		};
		04F0AC0D2650FA4E00B73C5A /* View */ = {
			isa = PBXGroup;
			children = (
				04F0ABE82650CBBB00B73C5A /* ContentView.swift */,
				04F0AC0E2650FC6B00B73C5A /* OrderListView.swift */,
			);
			path = View;
			sourceTree = "<group>";
		};
/* End PBXGroup section */

/* Begin PBXNativeTarget section */
		04F0ABE02650CBBB00B73C5A /* CoffeeOrderingApp */ = {
			isa = PBXNativeTarget;
			buildConfigurationList = 04F0ABF52650CBBC00B73C5A /* Build configuration list for PBXNativeTarget "CoffeeOrderingApp" */;
			buildPhases = (
				04F0ABDD2650CBBB00B73C5A /* Sources */,
				04F0ABDE2650CBBB00B73C5A /* Frameworks */,
				04F0ABDF2650CBBB00B73C5A /* Resources */,
			);
			buildRules = (
			);
			dependencies = (
			);
			name = CoffeeOrderingApp;
			productName = CoffeeOrderingApp;
			productReference = 04F0ABE12650CBBB00B73C5A /* CoffeeOrderingApp.app */;
			productType = "com.apple.product-type.application";
		};
/* End PBXNativeTarget section */

/* Begin PBXProject section */
		04F0ABD92650CBBB00B73C5A /* Project object */ = {
			isa = PBXProject;
			attributes = {
				LastSwiftUpdateCheck = 1230;
				LastUpgradeCheck = 1230;
				TargetAttributes = {
					04F0ABE02650CBBB00B73C5A = {
						CreatedOnToolsVersion = 12.3;
					};
				};
			};
			buildConfigurationList = 04F0ABDC2650CBBB00B73C5A /* Build configuration list for PBXProject "CoffeeOrderingApp" */;
			compatibilityVersion = "Xcode 9.3";
			developmentRegion = en;
			hasScannedForEncodings = 0;
			knownRegions = (
				en,
				Base,
			);
			mainGroup = 04F0ABD82650CBBB00B73C5A;
			productRefGroup = 04F0ABE22650CBBB00B73C5A /* Products */;
			projectDirPath = "";
			projectRoot = "";
			targets = (
				04F0ABE02650CBBB00B73C5A /* CoffeeOrderingApp */,
			);
		};
/* End PBXProject section */

/* Begin PBXResourcesBuildPhase section */
		04F0ABDF2650CBBB00B73C5A /* Resources */ = {
			isa = PBXResourcesBuildPhase;
			buildActionMask = 2147483647;
			files = (
				04F0ABF12650CBBC00B73C5A /* LaunchScreen.storyboard in Resources */,
				04F0ABEE2650CBBC00B73C5A /* Preview Assets.xcassets in Resources */,
				04F0ABEB2650CBBC00B73C5A /* Assets.xcassets in Resources */,
			);
			runOnlyForDeploymentPostprocessing = 0;
		};
/* End PBXResourcesBuildPhase section */

/* Begin PBXSourcesBuildPhase section */
		04F0ABDD2650CBBB00B73C5A /* Sources */ = {
			isa = PBXSourcesBuildPhase;
			buildActionMask = 2147483647;
			files = (
				04F0ABE52650CBBB00B73C5A /* AppDelegate.swift in Sources */,
				04F0AC0F2650FC6B00B73C5A /* OrderListView.swift in Sources */,
				04F0AC1726516F1E00B73C5A /* AddCoffeeViewModel.swift in Sources */,
				04F0AC1426516B1500B73C5A /* CreateOrderResponse.swift in Sources */,
				04F0ABE72650CBBB00B73C5A /* SceneDelegate.swift in Sources */,
				04F0AC032650CFD200B73C5A /* Webservice.swift in Sources */,
				04F0AC1E265173A700B73C5A /* CoffeeListViewModel.swift in Sources */,
				04F0ABFF2650CE6400B73C5A /* Order.swift in Sources */,
				04F0ABE92650CBBB00B73C5A /* ContentView.swift in Sources */,
				04F0ABFB2650CC3E00B73C5A /* Coffee.swift in Sources */,
				04F0AC0B2650DD0500B73C5A /* OrderlistViewModel.swift in Sources */,
			);
			runOnlyForDeploymentPostprocessing = 0;
		};
/* End PBXSourcesBuildPhase section */

/* Begin PBXVariantGroup section */
		04F0ABEF2650CBBC00B73C5A /* LaunchScreen.storyboard */ = {
			isa = PBXVariantGroup;
			children = (
				04F0ABF02650CBBC00B73C5A /* Base */,
			);
			name = LaunchScreen.storyboard;
			sourceTree = "<group>";
		};
/* End PBXVariantGroup section */

/* Begin XCBuildConfiguration section */
		04F0ABF32650CBBC00B73C5A /* Debug */ = {
			isa = XCBuildConfiguration;
			buildSettings = {
				ALWAYS_SEARCH_USER_PATHS = NO;
				CLANG_ANALYZER_NONNULL = YES;
				CLANG_ANALYZER_NUMBER_OBJECT_CONVERSION = YES_AGGRESSIVE;
				CLANG_CXX_LANGUAGE_STANDARD = "gnu++14";
				CLANG_CXX_LIBRARY = "libc++";
				CLANG_ENABLE_MODULES = YES;
				CLANG_ENABLE_OBJC_ARC = YES;
				CLANG_ENABLE_OBJC_WEAK = YES;
				CLANG_WARN_BLOCK_CAPTURE_AUTORELEASING = YES;
				CLANG_WARN_BOOL_CONVERSION = YES;
				CLANG_WARN_COMMA = YES;
				CLANG_WARN_CONSTANT_CONVERSION = YES;
				CLANG_WARN_DEPRECATED_OBJC_IMPLEMENTATIONS = YES;
				CLANG_WARN_DIRECT_OBJC_ISA_USAGE = YES_ERROR;
				CLANG_WARN_DOCUMENTATION_COMMENTS = YES;
				CLANG_WARN_EMPTY_BODY = YES;
				CLANG_WARN_ENUM_CONVERSION = YES;
				CLANG_WARN_INFINITE_RECURSION = YES;
				CLANG_WARN_INT_CONVERSION = YES;
				CLANG_WARN_NON_LITERAL_NULL_CONVERSION = YES;
				CLANG_WARN_OBJC_IMPLICIT_RETAIN_SELF = YES;
				CLANG_WARN_OBJC_LITERAL_CONVERSION = YES;
				CLANG_WARN_OBJC_ROOT_CLASS = YES_ERROR;
				CLANG_WARN_QUOTED_INCLUDE_IN_FRAMEWORK_HEADER = YES;
				CLANG_WARN_RANGE_LOOP_ANALYSIS = YES;
				CLANG_WARN_STRICT_PROTOTYPES = YES;
				CLANG_WARN_SUSPICIOUS_MOVE = YES;
				CLANG_WARN_UNGUARDED_AVAILABILITY = YES_AGGRESSIVE;
				CLANG_WARN_UNREACHABLE_CODE = YES;
				CLANG_WARN__DUPLICATE_METHOD_MATCH = YES;
				COPY_PHASE_STRIP = NO;
				DEBUG_INFORMATION_FORMAT = dwarf;
				ENABLE_STRICT_OBJC_MSGSEND = YES;
				ENABLE_TESTABILITY = YES;
				GCC_C_LANGUAGE_STANDARD = gnu11;
				GCC_DYNAMIC_NO_PIC = NO;
				GCC_NO_COMMON_BLOCKS = YES;
				GCC_OPTIMIZATION_LEVEL = 0;
				GCC_PREPROCESSOR_DEFINITIONS = (
					"DEBUG=1",
					"$(inherited)",
				);
				GCC_WARN_64_TO_32_BIT_CONVERSION = YES;
				GCC_WARN_ABOUT_RETURN_TYPE = YES_ERROR;
				GCC_WARN_UNDECLARED_SELECTOR = YES;
				GCC_WARN_UNINITIALIZED_AUTOS = YES_AGGRESSIVE;
				GCC_WARN_UNUSED_FUNCTION = YES;
				GCC_WARN_UNUSED_VARIABLE = YES;
				IPHONEOS_DEPLOYMENT_TARGET = 14.3;
				MTL_ENABLE_DEBUG_INFO = INCLUDE_SOURCE;
				MTL_FAST_MATH = YES;
				ONLY_ACTIVE_ARCH = YES;
				SDKROOT = iphoneos;
				SWIFT_ACTIVE_COMPILATION_CONDITIONS = DEBUG;
				SWIFT_OPTIMIZATION_LEVEL = "-Onone";
			};
			name = Debug;
		};
		04F0ABF42650CBBC00B73C5A /* Release */ = {
			isa = XCBuildConfiguration;
			buildSettings = {
				ALWAYS_SEARCH_USER_PATHS = NO;
				CLANG_ANALYZER_NONNULL = YES;
				CLANG_ANALYZER_NUMBER_OBJECT_CONVERSION = YES_AGGRESSIVE;
				CLANG_CXX_LANGUAGE_STANDARD = "gnu++14";
				CLANG_CXX_LIBRARY = "libc++";
				CLANG_ENABLE_MODULES = YES;
				CLANG_ENABLE_OBJC_ARC = YES;
				CLANG_ENABLE_OBJC_WEAK = YES;
				CLANG_WARN_BLOCK_CAPTURE_AUTORELEASING = YES;
				CLANG_WARN_BOOL_CONVERSION = YES;
				CLANG_WARN_COMMA = YES;
				CLANG_WARN_CONSTANT_CONVERSION = YES;
				CLANG_WARN_DEPRECATED_OBJC_IMPLEMENTATIONS = YES;
				CLANG_WARN_DIRECT_OBJC_ISA_USAGE = YES_ERROR;
				CLANG_WARN_DOCUMENTATION_COMMENTS = YES;
				CLANG_WARN_EMPTY_BODY = YES;
				CLANG_WARN_ENUM_CONVERSION = YES;
				CLANG_WARN_INFINITE_RECURSION = YES;
				CLANG_WARN_INT_CONVERSION = YES;
				CLANG_WARN_NON_LITERAL_NULL_CONVERSION = YES;
				CLANG_WARN_OBJC_IMPLICIT_RETAIN_SELF = YES;
				CLANG_WARN_OBJC_LITERAL_CONVERSION = YES;
				CLANG_WARN_OBJC_ROOT_CLASS = YES_ERROR;
				CLANG_WARN_QUOTED_INCLUDE_IN_FRAMEWORK_HEADER = YES;
				CLANG_WARN_RANGE_LOOP_ANALYSIS = YES;
				CLANG_WARN_STRICT_PROTOTYPES = YES;
				CLANG_WARN_SUSPICIOUS_MOVE = YES;
				CLANG_WARN_UNGUARDED_AVAILABILITY = YES_AGGRESSIVE;
				CLANG_WARN_UNREACHABLE_CODE = YES;
				CLANG_WARN__DUPLICATE_METHOD_MATCH = YES;
				COPY_PHASE_STRIP = NO;
				DEBUG_INFORMATION_FORMAT = "dwarf-with-dsym";
				ENABLE_NS_ASSERTIONS = NO;
				ENABLE_STRICT_OBJC_MSGSEND = YES;
				GCC_C_LANGUAGE_STANDARD = gnu11;
				GCC_NO_COMMON_BLOCKS = YES;
				GCC_WARN_64_TO_32_BIT_CONVERSION = YES;
				GCC_WARN_ABOUT_RETURN_TYPE = YES_ERROR;
				GCC_WARN_UNDECLARED_SELECTOR = YES;
				GCC_WARN_UNINITIALIZED_AUTOS = YES_AGGRESSIVE;
				GCC_WARN_UNUSED_FUNCTION = YES;
				GCC_WARN_UNUSED_VARIABLE = YES;
				IPHONEOS_DEPLOYMENT_TARGET = 14.3;
				MTL_ENABLE_DEBUG_INFO = NO;
				MTL_FAST_MATH = YES;
				SDKROOT = iphoneos;
				SWIFT_COMPILATION_MODE = wholemodule;
				SWIFT_OPTIMIZATION_LEVEL = "-O";
				VALIDATE_PRODUCT = YES;
			};
			name = Release;
		};
		04F0ABF62650CBBC00B73C5A /* Debug */ = {
			isa = XCBuildConfiguration;
			buildSettings = {
				ASSETCATALOG_COMPILER_APPICON_NAME = AppIcon;
				ASSETCATALOG_COMPILER_GLOBAL_ACCENT_COLOR_NAME = AccentColor;
				CODE_SIGN_STYLE = Automatic;
				DEVELOPMENT_ASSET_PATHS = "\"CoffeeOrderingApp/Preview Content\"";
				ENABLE_PREVIEWS = YES;
				INFOPLIST_FILE = CoffeeOrderingApp/Info.plist;
				LD_RUNPATH_SEARCH_PATHS = (
					"$(inherited)",
					"@executable_path/Frameworks",
				);
				PRODUCT_BUNDLE_IDENTIFIER = com.siddesh.CoffeeOrderingApp;
				PRODUCT_NAME = "$(TARGET_NAME)";
				SWIFT_VERSION = 5.0;
				TARGETED_DEVICE_FAMILY = "1,2";
			};
			name = Debug;
		};
		04F0ABF72650CBBC00B73C5A /* Release */ = {
			isa = XCBuildConfiguration;
			buildSettings = {
				ASSETCATALOG_COMPILER_APPICON_NAME = AppIcon;
				ASSETCATALOG_COMPILER_GLOBAL_ACCENT_COLOR_NAME = AccentColor;
				CODE_SIGN_STYLE = Automatic;
				DEVELOPMENT_ASSET_PATHS = "\"CoffeeOrderingApp/Preview Content\"";
				ENABLE_PREVIEWS = YES;
				INFOPLIST_FILE = CoffeeOrderingApp/Info.plist;
				LD_RUNPATH_SEARCH_PATHS = (
					"$(inherited)",
					"@executable_path/Frameworks",
				);
				PRODUCT_BUNDLE_IDENTIFIER = com.siddesh.CoffeeOrderingApp;
				PRODUCT_NAME = "$(TARGET_NAME)";
				SWIFT_VERSION = 5.0;
				TARGETED_DEVICE_FAMILY = "1,2";
			};
			name = Release;
		};
/* End XCBuildConfiguration section */

/* Begin XCConfigurationList section */
		04F0ABDC2650CBBB00B73C5A /* Build configuration list for PBXProject "CoffeeOrderingApp" */ = {
			isa = XCConfigurationList;
			buildConfigurations = (
				04F0ABF32650CBBC00B73C5A /* Debug */,
				04F0ABF42650CBBC00B73C5A /* Release */,
			);
			defaultConfigurationIsVisible = 0;
			defaultConfigurationName = Release;
		};
		04F0ABF52650CBBC00B73C5A /* Build configuration list for PBXNativeTarget "CoffeeOrderingApp" */ = {
			isa = XCConfigurationList;
			buildConfigurations = (
				04F0ABF62650CBBC00B73C5A /* Debug */,
				04F0ABF72650CBBC00B73C5A /* Release */,
			);
			defaultConfigurationIsVisible = 0;
			defaultConfigurationName = Release;
		};
/* End XCConfigurationList section */
	};
	rootObject = 04F0ABD92650CBBB00B73C5A /* Project object */;
}
